
Microsoft Visual Studio Solution File, Format Version 12.00
# Visual Studio Version 17
VisualStudioVersion = 17.10.35027.167
MinimumVisualStudioVersion = 10.0.40219.1
Project("{FAE04EC0-301F-11D3-BF4B-00C04F79EFBC}") = "JobDetailsWebApi", "JobDetailsWebApi\JobDetailsWebApi.csproj", "{92E90205-A7AA-4D15-972E-4C229F3C9E09}"
EndProject
Global
	GlobalSection(SolutionConfigurationPlatforms) = preSolution
		Debug|Any CPU = Debug|Any CPU
		Release|Any CPU = Release|Any CPU
	EndGlobalSection
	GlobalSection(ProjectConfigurationPlatforms) = postSolution
		{92E90205-A7AA-4D15-972E-4C229F3C9E09}.Debug|Any CPU.ActiveCfg = Debug|Any CPU
		{92E90205-A7AA-4D15-972E-4C229F3C9E09}.Debug|Any CPU.Build.0 = Debug|Any CPU
		{92E90205-A7AA-4D15-972E-4C229F3C9E09}.Release|Any CPU.ActiveCfg = Release|Any CPU
		{92E90205-A7AA-4D15-972E-4C229F3C9E09}.Release|Any CPU.Build.0 = Release|Any CPU
	EndGlobalSection
	GlobalSection(SolutionProperties) = preSolution
		HideSolutionNode = FALSE
	EndGlobalSection
	GlobalSection(ExtensibilityGlobals) = postSolution
		SolutionGuid = {174CE87E-BAB1-4538-B277-145FA4F62F83}
	EndGlobalSection
EndGlobal
